
Microsoft Visual Studio Solution File, Format Version 12.00
# Visual Studio Version 17
VisualStudioVersion = 17.4.33122.133
MinimumVisualStudioVersion = 10.0.40219.1
Project("{FAE04EC0-301F-11D3-BF4B-00C04F79EFBC}") = "KT MusteriTakip", "KT MusteriTakip\KT MusteriTakip.csproj", "{4A043287-4B8F-4EA4-A664-9D0FE8081856}"
EndProject
Global
	GlobalSection(SolutionConfigurationPlatforms) = preSolution
		Debug|Any CPU = Debug|Any CPU
		Release|Any CPU = Release|Any CPU
	EndGlobalSection
	GlobalSection(ProjectConfigurationPlatforms) = postSolution
		{4A043287-4B8F-4EA4-A664-9D0FE8081856}.Debug|Any CPU.ActiveCfg = Debug|Any CPU
		{4A043287-4B8F-4EA4-A664-9D0FE8081856}.Debug|Any CPU.Build.0 = Debug|Any CPU
		{4A043287-4B8F-4EA4-A664-9D0FE8081856}.Release|Any CPU.ActiveCfg = Release|Any CPU
		{4A043287-4B8F-4EA4-A664-9D0FE8081856}.Release|Any CPU.Build.0 = Release|Any CPU
	EndGlobalSection
	GlobalSection(SolutionProperties) = preSolution
		HideSolutionNode = FALSE
	EndGlobalSection
	GlobalSection(ExtensibilityGlobals) = postSolution
		SolutionGuid = {53718F58-5FD3-418F-957C-69139659E0FA}
	EndGlobalSection
EndGlobal
